{
  "name": "mongo-express",
  "version": "0.15.0",
  "lockfileVersion": 1,
  "requires": true,
  "dependencies": {
    "@asamuzakjp/css-color": {
      "version": "7.1.4",
      "resolved": "https://registry.npmjs.org/@asamuzakjp/css-color/-/css-color-7.1.4.tgz",
      "integrity": "sha512-KdNhWlAh2sbYB8Of0Yw84/a+LO/vsBOHJcIg8BpyXo2RGrFWVJvEMRviMON+ysQu0KpV7wxrWrq9jaX0P21GzA==",
      "dev": true,
      "optional": true,
      "requires": {
        "@csstools/css-calc": "^3.4.3",
        "@csstools/css-color-parser": "^4.2.6",
        "@csstools/css-parser-algorithms": "^4.0.2",
        "@csstools/css-tokenizer": "^4.0.2",
        "lru-cache": "^11.5.3"
      }
    },
    "@asamuzakjp/dom-selector": {
      "version": "9.2.4",
      "resolved": "https://registry.npmjs.org/@asamuzakjp/dom-selector/-/dom-selector-9.2.4.tgz",
      "integrity": "sha512-YnVzxDxLaqL0t7Q4wfcgHZjg55Wm6y5EaO7Bhu3q9J7wq/8iw3PhsnWiOQhYekx4VexnbkgWpTT6n+QIV7kczw==",
      "dev": true,
      "optional": true,
      "requires": {
        "bidi-js": "^1.1.0",
        "css-tree": "^3.2.1",
        "is-potential-custom-element-name": "^1.0.1",
        "lru-cache": "^11.5.3"
      }
    },
    "@bramus/specificity": {
      "version": "2.4.3",
      "resolved": "https://registry.npmjs.org/@bramus/specificity/-/specificity-2.4.3.tgz",
      "integrity": "sha512-0GEz8qJWokkUVYQYRukmkSHIFNoBH8QTreeHrAFbvz1XFYc3Y+puhMs8PQ5x8GNugiC2l5jvDBXKLbBIByeSBw==",
      "dev": true,
      "optional": true,
      "requires": {
        "css-tree": "^3.2.1"
      }
    },
    "@csstools/color-helpers": {
      "version": "6.1.2",
      "resolved": "https://registry.npmjs.org/@csstools/color-helpers/-/color-helpers-6.1.2.tgz",
      "integrity": "sha512-grhRy3OKmniaAEKXMjua5z/EODX0MSqBGjunw8+j/3HQjOnahs2AGhvEOIYVUWcU6ScApbhLhVrQTX8XqrMrow==",
      "dev": true,
      "optional": true
    },
    "@csstools/css-calc": {
      "version": "3.4.3",
      "resolved": "https://registry.npmjs.org/@csstools/css-calc/-/css-calc-3.4.3.tgz",
      "integrity": "sha512-iex20d8CHVkyvg6B7UKV7uHnI2Bqo9g+EFfT9E0y+GvTvhZ/DwONJ+9aKb1dlqm0ZiGsL5RXjp0fCoJYnkeDjA==",
      "dev": true,
      "optional": true
    },
    "@csstools/css-color-parser": {
      "version": "4.2.6",
      "resolved": "https://registry.npmjs.org/@csstools/css-color-parser/-/css-color-parser-4.2.6.tgz",
      "integrity": "sha512-iiPQ3iRWwnJkeEn6RIu6SJPr7hYrLz6XZ9s/QZl+2/LI5KQVjpl2fdmDSZKuD4xP6GMmMPgHFFXg6k1Wkz0Trg==",
      "dev": true,
      "optional": true,
      "requires": {
        "@csstools/color-helpers": "^6.1.2",
        "@csstools/css-calc": "^3.4.3"
      }
    },
    "@csstools/css-parser-algorithms": {
      "version": "4.0.2",
      "resolved": "https://registry.npmjs.org/@csstools/css-parser-algorithms/-/css-parser-algorithms-4.0.2.tgz",
      "integrity": "sha512-40cSKyMvK+tq4qz6Awrlye2WGuOKt3FwPgtGg6KTfbHOWNw+Rk1rzbAtZnZ6IBhsY491HLRnDXwoyBAijmmILA==",
      "dev": true,
      "optional": true
    },
    "@csstools/css-syntax-patches-for-csstree": {
      "version": "1.1.15",
      "resolved": "https://registry.npmjs.org/@csstools/css-syntax-patches-for-csstree/-/css-syntax-patches-for-csstree-1.1.15.tgz",
      "integrity": "sha512-J0u7HkVl2nzSlhsiTOp4AmwcUQ3D+mGEEKfBy/7To5/y7F2OHwyLrXfrhR0SMgr4p5Lo+eaMVSeai24zUcBIxA==",
      "dev": true,
      "optional": true
    },
    "@csstools/css-tokenizer": {
      "version": "4.0.2",
      "resolved": "https://registry.npmjs.org/@csstools/css-tokenizer/-/css-tokenizer-4.0.2.tgz",
      "integrity": "sha512-OoKoR0f76dCY666JlcbhmVTs2drYj1GUXZTYTcbUgJjh9Nv41aFfZ21bPQTERm5+L5cBDo466NltB2lplS5GBw==",
      "dev": true,
      "optional": true
    },
    "@exodus/bytes": {
      "version": "1.16.0",
      "resolved": "https://registry.npmjs.org/@exodus/bytes/-/bytes-1.16.0.tgz",
      "integrity": "sha512-IcpW84uEn3N7ETtNZMlxKhfl6Pec8rUNGOTBtWbK1FKhJxIFAptZyVrvVRVBimAJxJCgc3PxepxkdWWG4DVzfA==",
      "dev": true,
      "optional": true
    },
    "async": {
      "version": "0.1.22",
      "resolved": "https://registry.npmjs.org/async/-/async-0.1.22.tgz",
      "integrity": "sha512-2tEzliJmf5fHNafNwQLJXUasGzQCVctvsNkXmnlELHwypU0p08/rHohYvkqKIjyXpx+0rkrYv6QbhJ+UF4QkBg=="
    },
    "bidi-js": {
      "version": "1.1.0",
      "resolved": "https://registry.npmjs.org/bidi-js/-/bidi-js-1.1.0.tgz",
      "integrity": "sha512-fX1Onk0tdVPC7obPWB5EbJ1z7NVhLq4m2xZLq2YXBkxzMXIGRpNMU88n0EPgWseKl12J7zXs7qrDxPK4sRs2fg==",
      "dev": true,
      "optional": true,
      "requires": {
        "require-from-string": "^2.0.2"
      }
    },
    "bindings": {
      "version": "1.5.0",
      "resolved": "https://registry.npmjs.org/bindings/-/bindings-1.5.0.tgz",
      "integrity": "sha512-p2q/t/mhvuOj/UeLlV6566GD/guowlr0hHxClI0W9m7MWYkL1F0hLo+0Aexs9HSPCtR1SXQ0TD3MMKrXZajbiQ==",
      "dev": true,
      "optional": true,
      "requires": {
        "file-uri-to-path": "1.0.0"
      }
    },
    "buffer-crc32": {
      "version": "0.1.1",
      "resolved": "https://registry.npmjs.org/buffer-crc32/-/buffer-crc32-0.1.1.tgz",
      "integrity": "sha512-UsRYbAdoR39JogmdI9AeZFQrmf0aqdPOzNLh5NR7GBdGNwxXW4eKqUvgZ+B9ImebovILBxiqSnoX9BfNRsh9bA=="
    },
    "bytes": {
      "version": "0.1.0",
      "resolved": "https://registry.npmjs.org/bytes/-/bytes-0.1.0.tgz",
      "integrity": "sha512-zTSmfpu7b+Mll4T9ZjTYUO3Q6+m+F3ZEQ515ZECaAFhmmHiRl/UcdcAsuFyVklbMRo9GWyRyqTsB6C6ahjGnVA=="
    },
    "chai": {
      "version": "0.5.3",
      "resolved": "https://registry.npmjs.org/chai/-/chai-0.5.3.tgz",
      "integrity": "sha512-rfJQEoc08fbJtcURiYtR34Q17UBOstTxUluQ9C/Xx4hVYOkajs7aRAdg/fIOz35HDk7R88rXDne0pJ5AwUksmg==",
      "dev": true
    },
    "coffee-script": {
      "version": "1.3.3",
      "resolved": "https://registry.npmjs.org/coffee-script/-/coffee-script-1.3.3.tgz",
      "integrity": "sha512-QjQ1T4BqyHv19k6XSfdhy/QLlIOhywz0ekBUCa9h71zYMJlfDTGan/Z1JXzYkZ6v8R+GhvL/p4FZPbPW8WNXlg==",
      "dev": true
    },
    "commander": {
      "version": "0.6.1",
      "resolved": "https://registry.npmjs.org/commander/-/commander-0.6.1.tgz",
      "integrity": "sha512-0fLycpl1UMTGX257hRsu/arL/cUbcvQM4zMKwvLvzXtfdezIV4yotPS2dYtknF+NmEfWSoCEF6+hj9XLm/6hEw=="
    },
    "connect": {
      "version": "2.7.2",
      "resolved": "https://registry.npmjs.org/connect/-/connect-2.7.2.tgz",
      "integrity": "sha512-meJvPQ2TjQY+HdDOmd+0WBcDxtFfAnGfvmPNCWLFmnI+W2eKpWAy2AUqWQLz05N/+2/ejlvsE/OEpAnWHGT+1g==",
      "requires": {
        "buffer-crc32": "0.1.1",
        "bytes": "0.1.0",
        "cookie": "0.0.5",
        "cookie-signature": "0.0.1",
        "debug": "*",
        "formidable": "1.0.11",
        "fresh": "0.1.0",
        "pause": "0.0.1",
        "qs": "0.5.1",
        "send": "0.1.0"
      }
    },
    "contextify": {
      "version": "0.1.15",
      "resolved": "https://registry.npmjs.org/contextify/-/contextify-0.1.15.tgz",
      "integrity": "sha512-NpM4b6u5Mzig1/ux3ReVv42L/og3WcKKvkmTWxZpIjhZ/S23BViWZD/7hds9LGNzEL3W9ItfoZ+p6eRhCQMH6Q==",
      "dev": true,
      "optional": true,
      "requires": {
        "bindings": "^1.2.1",
        "nan": "^2.1.0"
      }
    },
    "cookie": {
      "version": "0.0.5",
      "resolved": "https://registry.npmjs.org/cookie/-/cookie-0.0.5.tgz",
      "integrity": "sha512-STLsAHdtBDF5GJiPHc4sdfX5qzri6bcSxdSlW/o4IYJAA5yZxh3ZZsvctsKRNbhpP328sN+A2EjOF9vcW/LhdQ=="
    },
    "cookie-signature": {
      "version": "0.0.1",
      "resolved": "https://registry.npmjs.org/cookie-signature/-/cookie-signature-0.0.1.tgz",
      "integrity": "sha512-cF3ACWE4MpShxO2sKb6TtB4wHIn2DsO83K1DNhukqVd5PhYwxLLqHvkrcvHpIpPJ0ow8pqSO36gwL4viDq9edA=="
    },
    "css-tree": {
      "version": "3.2.1",
      "resolved": "https://registry.npmjs.org/css-tree/-/css-tree-3.2.1.tgz",
      "integrity": "sha512-X7sjQzceUhu1u7Y/ylrRZFU2FS6LRiFVp6rKLPg23y3x3c3DOKAwuXGDp+PAGjh6CSnCjYeAul8pcT8bAl+lSA==",
      "dev": true,
      "optional": true,
      "requires": {
        "mdn-data": "2.27.1",
        "source-map-js": "^1.2.1"
      }
    },
    "cssom": {
      "version": "0.2.5",
      "resolved": "https://registry.npmjs.org/cssom/-/cssom-0.2.5.tgz",
      "integrity": "sha512-b9ecqKEfWrNcyzx5+1nmcfi80fPp8dVM8rlAh7fFK14PZbNjp++gRjyZTZfLJQa/Lw0qeCJho7WBIl0nw0v6HA==",
      "dev": true
    },
    "data-urls": {
      "version": "8.0.0",
      "resolved": "https://registry.npmjs.org/data-urls/-/data-urls-8.0.0.tgz",
      "integrity": "sha512-JQUCCK+/CAGbGGx618PlFZMXH81Jtj7t73CHv9dd/zVWvxgGT2zLFRjnKb+Ng46GIwcy+f7f88qd4duqllK+WQ==",
      "dev": true,
      "optional": true,
      "requires": {
        "whatwg-mimetype": "^5.0.0",
        "whatwg-url": "^17.1.2"
      }
    },
    "debug": {
      "version": "4.4.3",
      "resolved": "https://registry.npmjs.org/debug/-/debug-4.4.3.tgz",
      "integrity": "sha512-RGwwWnwQvkVfavKVt22FGLw+xYSdzARwm0ru6DhTVA3umU5hZc28V3kO4stgYryrTlLpuvgI9GiijltAjNbcqA==",
      "requires": {
        "ms": "^2.1.3"
      }
    },
    "decimal.js": {
      "version": "10.6.0",
      "resolved": "https://registry.npmjs.org/decimal.js/-/decimal.js-10.6.0.tgz",
      "integrity": "sha512-YpgQiITW3JXGntzdUmyUR1V812Hn8T1YVXhCu+wO3OpS4eU9l4YdD3qjyiKdV6mvV29zapkMeD390UVEf2lkUg==",
      "dev": true,
      "optional": true
    },
    "diff": {
      "version": "1.0.2",
      "resolved": "https://registry.npmjs.org/diff/-/diff-1.0.2.tgz",
      "integrity": "sha512-BOZXenW4qYFnn8GhH24O4xfjF5CxT01uSYOfF/hGpTGFcs/50zc5nnF1AtV1ePP/ok4hGC9ZENrLtm5jjj16GA==",
      "dev": true
    },
    "entities": {
      "version": "8.1.0",
      "resolved": "https://registry.npmjs.org/entities/-/entities-8.1.0.tgz",
      "integrity": "sha512-kxL7msIffSuh9aaFAMD7rxAIuTRMAHMeBtgHW2yUdWw732ZNh4MehkF2gdjvtdmikkaIP9bFDDJOPlsvm7avrA==",
      "dev": true,
      "optional": true
    },
    "eventsource": {
      "version": "0.0.10",
      "resolved": "https://registry.npmjs.org/eventsource/-/eventsource-0.0.10.tgz",
      "integrity": "sha512-/eeDexvtSHtwzh3x3feKpRXJpCcPZQQC0LOZWR/3EcoBF4pOxNo7Z4oY66vs4oQBF82/N7Vto4mq1hEi7mEdnQ==",
      "dev": true
    },
    "express": {
      "version": "3.0.6",
      "resolved": "https://registry.npmjs.org/express/-/express-3.0.6.tgz",
      "integrity": "sha512-2OJlOO/Ky8aepySj6OsW1VxuhEYaTohc41qXil63JaX9dOMvR/heof354lVQrjtPTqS+A8CyUnUmgKS336jMxg==",
      "requires": {
        "buffer-crc32": "0.1.1",
        "commander": "0.6.1",
        "connect": "2.7.2",
        "cookie": "0.0.5",
        "cookie-signature": "0.0.1",
        "debug": "*",
        "fresh": "0.1.0",
        "methods": "0.0.1",
        "mkdirp": "0.3.3",
        "range-parser": "0.0.4",
        "send": "0.1.0"
      }
    },
    "file-uri-to-path": {
      "version": "1.0.0",
      "resolved": "https://registry.npmjs.org/file-uri-to-path/-/file-uri-to-path-1.0.0.tgz",
      "integrity": "sha512-0Zt+s3L7Vf1biwWZ29aARiVYLx7iMGnEUl9x33fbB/j3jR81u/O2LbqK+Bm1CDSNDKVtJ/YjwY7TUd5SkeLQLw==",
      "dev": true,
      "optional": true
    },
    "formidable": {
      "version": "1.0.11",
      "resolved": "https://registry.npmjs.org/formidable/-/formidable-1.0.11.tgz",
      "integrity": "sha512-ZG3xz6afuCmpLGNtTI/W8HDKWisPv/iZgtEvfB1nF3vJHDJ2M4hpU/HDLJQYnTVqErpaLphweqOMULwP/Ls6cg=="
    },
    "fresh": {
      "version": "0.1.0",
      "resolved": "https://registry.npmjs.org/fresh/-/fresh-0.1.0.tgz",
      "integrity": "sha512-ROG9M8tikYOuOJsvRBggh10WiQ/JebnldAwuCaQyFoiAUIE9XrYVnpznIjOQGZfCMzxzEBYHQr/LHJp3tcndzQ=="
    },
    "growl": {
      "version": "1.5.1",
      "resolved": "https://registry.npmjs.org/growl/-/growl-1.5.1.tgz",
      "integrity": "sha512-J9CHg+6DG0jVDvVq5sdfg0OD82sgqJO2Nq0x0buRQzrWJcKtpw7mYQPjrlx56LHBhVmmIfEP+uRj970cZ8YPEg==",
      "dev": true
    },
    "html-encoding-sniffer": {
      "version": "7.0.0",
      "resolved": "https://registry.npmjs.org/html-encoding-sniffer/-/html-encoding-sniffer-7.0.0.tgz",
      "integrity": "sha512-UikN5yr7xsCDAq87Or5or0PAlD3HJJOKVzM05az588WnpDJ4Ux7a2A53Qi6gofGg2/EtvF/H4hCi/TXfCW4Y6w==",
      "dev": true,
      "optional": true,
      "requires": {
        "@exodus/bytes": "^1.15.1"
      }
    },
    "html5": {
      "version": "0.3.16",
      "resolved": "https://registry.npmjs.org/html5/-/html5-0.3.16.tgz",
      "integrity": "sha512-6kfDfZDgb3VRLKVmNGQ4udhL00p31exaNGK/7xPiZbh+9a+ArG0oeSti7J7yOmuOSQUKcEo0mP9/5OPpaWcmiw==",
      "dev": true,
      "requires": {
        "html5-entities": "~0.5.0",
        "jsdom": ">= 0.9.0",
        "opts": "~1.2.1"
      },
      "dependencies": {
        "jsdom": {
          "version": "30.1.2",
          "resolved": "https://registry.npmjs.org/jsdom/-/jsdom-30.1.2.tgz",
          "integrity": "sha512-0FFE/jE1rppmVfUrJUgxqXjcwolZYIGtAgj1pTussMhNZxIxi7W/PvfWaMNroGi2B36X1IKHbexpZ9DhkoOPiQ==",
          "dev": true,
          "optional": true,
          "requires": {
            "@asamuzakjp/css-color": "^7.1.3",
            "@asamuzakjp/dom-selector": "^9.2.4",
            "@bramus/specificity": "^2.4.2",
            "@csstools/css-syntax-patches-for-csstree": "^1.1.15",
            "@exodus/bytes": "^1.16.0",
            "css-tree": "^3.2.1",
            "data-urls": "^8.0.0",
            "decimal.js": "^10.6.0",
            "html-encoding-sniffer": "^7.0.0",
            "is-potential-custom-element-name": "^1.0.1",
            "lru-cache": "^11.5.3",
            "parse5": "^8.0.1",
            "saxes": "^6.0.0",
            "tough-cookie": "^6.0.2",
            "undici": "^8.11.2",
            "w3c-xmlserializer": "^6.0.0",
            "webidl-conversions": "^8.0.1",
            "whatwg-mimetype": "^5.0.0",
            "whatwg-url": "^17.2.0",
            "xml-name-validator": "^5.0.0"
          }
        },
        "tough-cookie": {
          "version": "6.0.2",
          "resolved": "https://registry.npmjs.org/tough-cookie/-/tough-cookie-6.0.2.tgz",
          "integrity": "sha512-exgYmnmL/sJpR3upZfXG5PoatXQii55xAiXGXzY+sROLZ/Y+SLcp9PgJNI9Vz37HpQ74WvDcLT8eqm+kV3FzrA==",
          "dev": true,
          "optional": true,
          "requires": {
            "tldts": "^7.0.5"
          }
        }
      }
    },
    "html5-entities": {
      "version": "0.5.1",
      "resolved": "https://registry.npmjs.org/html5-entities/-/html5-entities-0.5.1.tgz",
      "integrity": "sha512-vkwiAFqN9OBIWun+5DrX9whKNsbA/vjlCHjN46K+hCTT6s4yYn/1JeDFP2nhEKlavGvHdzJF8xv6+gtDvt/RtA==",
      "dev": true
    },
    "htmlparser": {
      "version": "1.7.7",
      "resolved": "https://registry.npmjs.org/htmlparser/-/htmlparser-1.7.7.tgz",
      "integrity": "sha512-zpK66ifkT0fauyFh2Mulrq4AqGTucxGtOhZ8OjkbSfcCpkqQEI8qRkY0tSQSJNAQ4HUZkgWaU4fK4EH6SVH9PQ==",
      "dev": true
    },
    "is-potential-custom-element-name": {
      "version": "1.0.1",
      "resolved": "https://registry.npmjs.org/is-potential-custom-element-name/-/is-potential-custom-element-name-1.0.1.tgz",
      "integrity": "sha512-bCYeRA2rVibKZd+s2625gGnGF/t7DSqDs4dP7CrLA1m7jKWz6pps0LpYLJN8Q64HtmPKJ1hrN3nzPNKFEKOUiQ==",
      "dev": true,
      "optional": true
    },
    "jade": {
      "version": "0.20.3",
      "resolved": "https://registry.npmjs.org/jade/-/jade-0.20.3.tgz",
      "integrity": "sha512-0jkhrj7uZVeXKssh0MqVJqWh9WycxZeysVrC4QzfKgXLdvo9qyex3yPgkTSDYMP47j+bzCLmJ47WFWDXUayh0w==",
      "dev": true,
      "requires": {
        "commander": "0.5.x",
        "mkdirp": ">= 0.0.7"
      },
      "dependencies": {
        "commander": {
          "version": "0.5.2",
          "resolved": "https://registry.npmjs.org/commander/-/commander-0.5.2.tgz",
          "integrity": "sha512-/IKo89++b1UhClEhWvKk00gKgw6iwvwD8TOPTqqN9AyvjgPCnf9OrjnDNY3dPDOj+K+OhN9SRjYQH0AfX0bROw==",
          "dev": true
        }
      }
    },
    "jsdom": {
      "version": "0.2.14",
      "resolved": "https://registry.npmjs.org/jsdom/-/jsdom-0.2.14.tgz",
      "integrity": "sha512-PaVN+TvJtI0PB37wfZacTSY2krXdr+G+0S0M4tRRnxhxs2fyYXutghQVW+bqqc7ybE0N1YobGmEwmJV/9BHE6A==",
      "dev": true,
      "requires": {
        "contextify": "0.1.x",
        "cssom": "0.2.x",
        "htmlparser": "1.x",
        "request": "2.x"
      }
    },
    "lru-cache": {
      "version": "11.5.3",
      "resolved": "https://registry.npmjs.org/lru-cache/-/lru-cache-11.5.3.tgz",
      "integrity": "sha512-U4N8FgzmWxc8k1VH8Kr6lQg18U7Fjvby6wXHVRX/ZZ7IwWbRMgrRbP0Wrb5q5NVinryp4SQampHKdvtecItxUg==",
      "dev": true,
      "optional": true
    },
    "mdn-data": {
      "version": "2.27.1",
      "resolved": "https://registry.npmjs.org/mdn-data/-/mdn-data-2.27.1.tgz",
      "integrity": "sha512-9Yubnt3e8A0OKwxYSXyhLymGW4sCufcLG6VdiDdUGVkPhpqLxlvP5vl1983gQjJl3tqbrM731mjaZaP68AgosQ==",
      "dev": true,
      "optional": true
    },
    "methods": {
      "version": "0.0.1",
      "resolved": "https://registry.npmjs.org/methods/-/methods-0.0.1.tgz",
      "integrity": "sha512-pB8oFfci/xcfUgM6DTxc7lbTKifPPgs3mZUOsEgaH+1TTWpmcmv3sHl+5sUHIj2X2W8aPYa2+nJealRHK+Lo6A=="
    },
    "mime": {
      "version": "1.2.6",
      "resolved": "https://registry.npmjs.org/mime/-/mime-1.2.6.tgz",
      "integrity": "sha512-S4yfg1ehMduQ5F3NeTUUWJesnut4RvymaRSatO4etOm68yZE98oCg2GtgG0coGYx03GCv240sezMvRwFk8DUKw=="
    },
    "mkdirp": {
      "version": "0.3.3",
      "resolved": "https://registry.npmjs.org/mkdirp/-/mkdirp-0.3.3.tgz",
      "integrity": "sha512-Oamd41MnZw/yuxtarGf3MFbHzFqQY4S17DcN+rATh2t5MKuCtG7vVVRG+RUT6g9+hr47DIVucIHGOUlwmJRvDA=="
    },
    "mocha": {
      "version": "1.0.3",
      "resolved": "https://registry.npmjs.org/mocha/-/mocha-1.0.3.tgz",
      "integrity": "sha512-IBhVTuItSTxZGfSGj2x+DITAs8+A0vu/3FqDzmXgjDrTsmrDRc4LN3X1wIAnQL4YeCtUAtPIvVd1Bnvklzm5Pw==",
      "dev": true,
      "requires": {
        "commander": "0.5.x",
        "debug": "*",
        "diff": "1.0.2",
        "growl": "1.5.x",
        "jade": "0.20.3"
      },
      "dependencies": {
        "commander": {
          "version": "0.5.2",
          "resolved": "https://registry.npmjs.org/commander/-/commander-0.5.2.tgz",
          "integrity": "sha512-/IKo89++b1UhClEhWvKk00gKgw6iwvwD8TOPTqqN9AyvjgPCnf9OrjnDNY3dPDOj+K+OhN9SRjYQH0AfX0bROw==",
          "dev": true
        }
      }
    },
    "mongodb": {
      "version": "0.9.9",
      "resolved": "https://registry.npmjs.org/mongodb/-/mongodb-0.9.9.tgz",
      "integrity": "sha512-1G1vxbN0TWFNXdxvHM89UVkO0400qsh/o3Hsy8+rfIQl7hz5576kv7Fq9Ys+reS6yAz4J2ch3kGqMMq0rdKE5g=="
    },
    "ms": {
      "version": "2.1.3",
      "resolved": "https://registry.npmjs.org/ms/-/ms-2.1.3.tgz",
      "integrity": "sha512-6FlzubTLZG3J2a/NVCAleEhjzq5oxgHyaCU9yYXvcLsvoVaHJq/s5xXI6/XXP6tz7R9xAOtHnSO/tXtF3WRTlA=="
    },
    "nan": {
      "version": "2.29.0",
      "resolved": "https://registry.npmjs.org/nan/-/nan-2.29.0.tgz",
      "integrity": "sha512-GlGk3HIvitbvs+LT3g6XUP1kpirKNvmDFwF/bmo6XNWSb/eYEs/O4bfgIEIXCZ+lIOTS5xNwDvSGMw6FJdAhtA==",
      "dev": true,
      "optional": true
    },
    "options": {
      "version": "0.0.6",
      "resolved": "https://registry.npmjs.org/options/-/options-0.0.6.tgz",
      "integrity": "sha512-bOj3L1ypm++N+n7CEbbe473A414AB7z+amKYshRb//iuL3MpdDCLhPnw6aVTdKB9g5ZRVHIEp8eUln6L2NUStg==",
      "dev": true
    },
    "opts": {
      "version": "1.2.7",
      "resolved": "https://registry.npmjs.org/opts/-/opts-1.2.7.tgz",
      "integrity": "sha512-hwZhzGGG/GQ7igxAVFOEun2N4fWul31qE9nfBdCnZGQCB5+L7tN9xZ+94B4aUpLOJx/of3zZs5XsuubayQYQjA==",
      "dev": true
    },
    "parse5": {
      "version": "8.0.1",
      "resolved": "https://registry.npmjs.org/parse5/-/parse5-8.0.1.tgz",
      "integrity": "sha512-z1e/HMG90obSGeidlli3hj7cbocou0/wa5HacvI3ASx34PecNjNQeaHNo5WIZpWofN9kgkqV1q5YvXe3F0FoPw==",
      "dev": true,
      "optional": true,
      "requires": {
        "entities": "^8.0.0"
      }
    },
    "pause": {
      "version": "0.0.1",
      "resolved": "https://registry.npmjs.org/pause/-/pause-0.0.1.tgz",
      "integrity": "sha512-KG8UEiEVkR3wGEb4m5yZkVCzigAD+cVEJck2CzYZO37ZGJfctvVptVO192MwrtPhzONn6go8ylnOdMhKqi4nfg=="
    },
    "punycode": {
      "version": "2.3.1",
      "resolved": "https://registry.npmjs.org/punycode/-/punycode-2.3.1.tgz",
      "integrity": "sha512-vYt7UD1U9Wg6138shLtLOvdAu+8DsC/ilFtEVHcH+wydcSpNE20AfSOduf6MkRFahL5FY7X1oU7nKVZFtfq8Fg==",
      "dev": true
    },
    "qs": {
      "version": "0.5.1",
      "resolved": "https://registry.npmjs.org/qs/-/qs-0.5.1.tgz",
      "integrity": "sha512-1NhhAEZMTI+2tQrOAGFlS1HFmKCcI9mvsysUbfqvvz6ObXwxCvPuAqzD+5LYBbEfjrdSOakWzaZx4wFPnND+xA=="
    },
    "range-parser": {
      "version": "0.0.4",
      "resolved": "https://registry.npmjs.org/range-parser/-/range-parser-0.0.4.tgz",
      "integrity": "sha512-okJVEq9DbZyg+5lD8pr6ooQmeA0uu8DYIyAU7VK1WUUK7hctI1yw2ZHhKiKjB6RXaDrYRmTR4SsIHkyiQpaLMA=="
    },
    "request": {
      "version": "2.9.203",
      "resolved": "https://registry.npmjs.org/request/-/request-2.9.203.tgz",
      "integrity": "sha512-OWtna9w7yRI/gcfu3VaURgIwE1FHgbz5+fHGQ9GJTHcJ4+uvHnDjXd+N7mVDOv5+1fp1CRPzUSY2wcM345Z2Fw==",
      "dev": true
    },
    "require-from-string": {
      "version": "2.0.2",
      "resolved": "https://registry.npmjs.org/require-from-string/-/require-from-string-2.0.2.tgz",
      "integrity": "sha512-Xf0nWe6RseziFMu+Ap9biiUbmplq6S9/p+7w7YXP/JBHhrUDDUhwa+vANyubuqfZWTveU//DYVGsDG7RKL/vEw==",
      "dev": true,
      "optional": true
    },
    "saxes": {
      "version": "6.0.0",
      "resolved": "https://registry.npmjs.org/saxes/-/saxes-6.0.0.tgz",
      "integrity": "sha512-xAg7SOnEhrm5zI3puOOKyy1OMcMlIJZYNJY7xLBwSze0UjhPLnWfj2GF2EpT0jmzaJKIWKHLsaSSajf35bcYnA==",
      "dev": true,
      "optional": true,
      "requires": {
        "xmlchars": "^2.2.0"
      }
    },
    "send": {
      "version": "0.1.0",
      "resolved": "https://registry.npmjs.org/send/-/send-0.1.0.tgz",
      "integrity": "sha512-D/GaJQQYx7ICNq9Te5V4wHetfDQdFk3HJ4oBfDUBNW7XQmLbJ8sQDm/wFvVUUpKN8tluOnO1dFdM8KODn6D79w==",
      "requires": {
        "debug": "*",
        "fresh": "0.1.0",
        "mime": "1.2.6",
        "range-parser": "0.0.4"
      }
    },
    "source-map-js": {
      "version": "1.2.2",
      "resolved": "https://registry.npmjs.org/source-map-js/-/source-map-js-1.2.2.tgz",
      "integrity": "sha512-KGj/8Y43x35aZVDtt+J4mK1hoLGHULMYfSkODJNQjNDC3oW1PqPoxMwo0pLUsWM/UEGzON/NxeHywEfNXNP3Vw==",
      "dev": true,
      "optional": true
    },
    "swig": {
      "version": "0.11.2",
      "resolved": "https://registry.npmjs.org/swig/-/swig-0.11.2.tgz",
      "integrity": "sha512-6WyaB9feZOcnhJkCDR2wEUniPB582Ypdn3NwYXAD75qTT3tK8kRuun3SVyIW+hE2eRSWHISk9ujaN3/W5isucQ==",
      "requires": {
        "underscore": ">=1.1.7"
      }
    },
    "tinycolor": {
      "version": "0.0.1",
      "resolved": "https://registry.npmjs.org/tinycolor/-/tinycolor-0.0.1.tgz",
      "integrity": "sha512-+CorETse1kl98xg0WAzii8DTT4ABF4R3nquhrkIbVGcw1T8JYs5Gfx9xEfGINPUZGDj9C4BmOtuKeaTtuuRolg==",
      "dev": true
    },
    "tldts": {
      "version": "7.4.18",
      "resolved": "https://registry.npmjs.org/tldts/-/tldts-7.4.18.tgz",
      "integrity": "sha512-somxA8xKAUzlAxl0TX/jMSYIbRNFIVGnI96pVGJPeMc5BsHmfVXn6mOJT6U++ELnl04eGfzpfcEuZe8WiASkXg==",
      "dev": true,
      "optional": true,
      "requires": {
        "tldts-core": "^7.4.18"
      }
    },
    "tldts-core": {
      "version": "7.4.18",
      "resolved": "https://registry.npmjs.org/tldts-core/-/tldts-core-7.4.18.tgz",
      "integrity": "sha512-KI2PKvCmvQI/xD6ypPqkU0i7oxNXR/O58RLRaHR4svsgVUQ2JE/XC8BtMbG6PSehD27I8sZJRcC1ASnCy6lp3g==",
      "dev": true,
      "optional": true
    },
    "tough-cookie": {
      "version": "0.9.15",
      "resolved": "https://registry.npmjs.org/tough-cookie/-/tough-cookie-0.9.15.tgz",
      "integrity": "sha512-j4C2GYjRuBjEGRgF5eIvxSvUkTXk7KJDAX6SZtlDWNioUlCcW4lLSlETSWWSiVbXS6SOB+LUK7PYn0RDxgJ3pQ==",
      "dev": true,
      "requires": {
        "punycode": ">=0.2.0"
      }
    },
    "tr46": {
      "version": "7.0.0",
      "resolved": "https://registry.npmjs.org/tr46/-/tr46-7.0.0.tgz",
      "integrity": "sha512-BcDSDW+SIGWVOns1Zm6Yg91q9AEj7eaID0QDY9oIqJD1A8dscNwMcl9Sms2DeuWCNov1X0/oXanHGYQBSLwZsg==",
      "dev": true,
      "optional": true,
      "requires": {
        "punycode": "^2.3.1"
      }
    },
    "underscore": {
      "version": "1.3.3",
      "resolved": "https://registry.npmjs.org/underscore/-/underscore-1.3.3.tgz",
      "integrity": "sha512-ddgUaY7xyrznJ0tbSUZgvNdv5qbiF6XcUBTrHgdCOVUrxJYWozD5KyiRjtIwds1reZ7O1iPLv5rIyqnVAcS6gg=="
    },
    "undici": {
      "version": "8.11.2",
      "resolved": "https://registry.npmjs.org/undici/-/undici-8.11.2.tgz",
      "integrity": "sha512-u4UB2/IrKdU6lFxumHmmo1a3fCQO5tzQllRorfoRS63txhrB7xTpSn1PftwC4qEHkOaqP95fCWW4lJzwErwzhQ==",
      "dev": true,
      "optional": true
    },
    "w3c-xmlserializer": {
      "version": "6.0.0",
      "resolved": "https://registry.npmjs.org/w3c-xmlserializer/-/w3c-xmlserializer-6.0.0.tgz",
      "integrity": "sha512-4Nsy8K5Tr6SPDH9jhKJOHf7ChDrc1zufZTVSF7x72hwuEXBqxqk9G6cK+K2NRUtB3iELRJqjXb4JPDMBjMTl2Q==",
      "dev": true,
      "optional": true,
      "requires": {
        "xml-name-validator": "^5.0.0"
      }
    },
    "webidl-conversions": {
      "version": "8.0.1",
      "resolved": "https://registry.npmjs.org/webidl-conversions/-/webidl-conversions-8.0.1.tgz",
      "integrity": "sha512-BMhLD/Sw+GbJC21C/UgyaZX41nPt8bUTg+jWyDeg7e7YN4xOM05YPSIXceACnXVtqyEw/LMClUQMtMZ+PGGpqQ==",
      "dev": true,
      "optional": true
    },
    "whatwg-mimetype": {
      "version": "5.0.0",
      "resolved": "https://registry.npmjs.org/whatwg-mimetype/-/whatwg-mimetype-5.0.0.tgz",
      "integrity": "sha512-sXcNcHOC51uPGF0P/D4NVtrkjSU2fNsm9iog4ZvZJsL3rjoDAzXZhkm2MWt1y+PUdggKAYVoMAIYcs78wJ51Cw==",
      "dev": true,
      "optional": true
    },
    "whatwg-url": {
      "version": "17.2.0",
      "resolved": "https://registry.npmjs.org/whatwg-url/-/whatwg-url-17.2.0.tgz",
      "integrity": "sha512-IhLIHNcBrzIixC5XXsbr4DxdjajyA5vQ5RwGZMtrUp+GbtE5Nrsge9QKau7jXrC0aTXLYGV0xiW7Tb4YS2aomw==",
      "dev": true,
      "optional": true,
      "requires": {
        "@exodus/bytes": "^1.16.0",
        "tr46": "^7.0.0",
        "webidl-conversions": "^8.0.1"
      }
    },
    "ws": {
      "version": "0.4.32",
      "resolved": "https://registry.npmjs.org/ws/-/ws-0.4.32.tgz",
      "integrity": "sha512-htqsS0U9Z9lb3ITjidQkRvkLdVhQePrMeu475yEfOWkAYvJ6dSjQp1tOH6ugaddzX5b7sQjMPNtY71eTzrV/kA==",
      "dev": true,
      "requires": {
        "commander": "~2.1.0",
        "nan": "~1.0.0",
        "options": ">=0.0.5",
        "tinycolor": "0.x"
      },
      "dependencies": {
        "commander": {
          "version": "2.1.0",
          "resolved": "https://registry.npmjs.org/commander/-/commander-2.1.0.tgz",
          "integrity": "sha512-J2wnb6TKniXNOtoHS8TSrG9IOQluPrsmyAJ8oCUJOBmv+uLBCyPYAZkD2jFvw2DCzIXNnISIM01NIvr35TkBMQ==",
          "dev": true
        },
        "nan": {
          "version": "1.0.0",
          "resolved": "https://registry.npmjs.org/nan/-/nan-1.0.0.tgz",
          "integrity": "sha512-Wm2/nFOm2y9HtJfgOLnctGbfvF23FcQZeyUZqDD8JQG3zO5kXh3MkQKiUaA68mJiVWrOzLFkAV1u6bC8P52DJA==",
          "dev": true
        }
      }
    },
    "xml-name-validator": {
      "version": "5.0.0",
      "resolved": "https://registry.npmjs.org/xml-name-validator/-/xml-name-validator-5.0.0.tgz",
      "integrity": "sha512-EvGK8EJ3DhaHfbRlETOWAS5pO9MZITeauHKJyb8wyajUfQUenkIg2MvLDTZ4T/TgIcm3HU0TFBgWWboAZ30UHg==",
      "dev": true,
      "optional": true
    },
    "xmlchars": {
      "version": "2.2.0",
      "resolved": "https://registry.npmjs.org/xmlchars/-/xmlchars-2.2.0.tgz",
      "integrity": "sha512-JZnDKK8B0RCDw84FNdDAIpZK+JuJw+s7Lz8nksI7SIuU3UXJJslUthsi+uWBUYOwPFwW7W7PRLRfUKpxjtjFCw==",
      "dev": true,
      "optional": true
    },
    "zombie": {
      "version": "0.13.14",
      "resolved": "https://registry.npmjs.org/zombie/-/zombie-0.13.14.tgz",
      "integrity": "sha512-8amfQSLAI8wr6S32FvLEKiQnem28bZ1ay2z0pdTZroirVgmIXOfrygkPHOma3Cos/O7Ffpc7w4yJG9rWveFLYA==",
      "dev": true,
      "requires": {
        "eventsource": "~0.0.5",
        "html5": "~0.3.5",
        "jsdom": "=0.2.14",
        "mime": "~1.2.5",
        "request": "~2.9.202",
        "tough-cookie": "~0.9.13",
        "ws": "~0.4.14"
      }
    }
  }
}
